{
  "nodes": {
    "cl-prolog": {
      "flake": false,
      "locked": {
        "lastModified": 1784437549,
        "narHash": "sha256-1WRrmNeniD1w1euhGhOCEpQoPVum5M2G6JVESAHzW1w=",
        "owner": "takeokunn",
        "repo": "cl-prolog",
        "rev": "b3049ad4f616e9b5cfc6987b1449b3f0920b1323",
        "type": "github"
      },
      "original": {
        "owner": "takeokunn",
        "repo": "cl-prolog",
        "type": "github"
      }
    },
    "cl-weave": {
      "flake": false,
      "locked": {
        "lastModified": 1784453306,
        "narHash": "sha256-Ff88QPdT2BKHSQF0HHeypPgvG0kQGBQXSilMyX2fMsY=",
        "owner": "takeokunn",
        "repo": "cl-weave",
        "rev": "bf6b7876e08246b78b550642abf7c40a0c469c50",
        "type": "github"
      },
      "original": {
        "owner": "takeokunn",
        "repo": "cl-weave",
        "type": "github"
      }
    },
    "nixpkgs": {
      "locked": {
        "lastModified": 1783279667,
        "narHash": "sha256-/NAkDSsve+GNM0Bt6tleJdCGfsTlK89nPjkVOzZMo0s=",
        "owner": "NixOS",
        "repo": "nixpkgs",
        "rev": "f205b5574fd0cb7da5b702a2da51507b7f4fdd1b",
        "type": "github"
      },
      "original": {
        "owner": "NixOS",
        "ref": "nixpkgs-unstable",
        "repo": "nixpkgs",
        "type": "github"
      }
    },
    "root": {
      "inputs": {
        "cl-prolog": "cl-prolog",
        "cl-weave": "cl-weave",
        "nixpkgs": "nixpkgs"
      }
    }
  },
  "root": "root",
  "version": 7
}
