{
  "nodes": {
    "cl-prolog": {
      "flake": false,
      "locked": {
        "path": "../cl-prolog",
        "type": "path"
      },
      "original": {
        "path": "../cl-prolog",
        "type": "path"
      },
      "parent": []
    },
    "cl-weave": {
      "flake": false,
      "locked": {
        "path": "../cl-weave",
        "type": "path"
      },
      "original": {
        "path": "../cl-weave",
        "type": "path"
      },
      "parent": []
    },
    "nixpkgs": {
      "locked": {
        "lastModified": 1783279667,
        "narHash": "sha256-/NAkDSsve+GNM0Bt6tleJdCGfsTlK89nPjkVOzZMo0s=",
        "owner": "NixOS",
        "repo": "nixpkgs",
        "rev": "f205b5574fd0cb7da5b702a2da51507b7f4fdd1b",
        "type": "github"
      },
      "original": {
        "owner": "NixOS",
        "ref": "nixpkgs-unstable",
        "repo": "nixpkgs",
        "type": "github"
      }
    },
    "root": {
      "inputs": {
        "cl-prolog": "cl-prolog",
        "cl-weave": "cl-weave",
        "nixpkgs": "nixpkgs"
      }
    }
  },
  "root": "root",
  "version": 7
}
